
Microsoft Visual Studio Solution File, Format Version 12.00
# Visual Studio Version 17
VisualStudioVersion = 17.14.36212.18
MinimumVisualStudioVersion = 10.0.40219.1
Project("{8BC9CEB8-8B4A-11D0-8D11-00A0C91BC942}") = "thunderscopedrv", "litepciedrv\thunderscopedrv.vcxproj", "{E83BF3B9-E9D9-4D61-880E-3DAC74774DE0}"
EndProject
Global
	GlobalSection(SolutionConfigurationPlatforms) = preSolution
		Debug|ARM64 = Debug|ARM64
		Debug|x64 = Debug|x64
		Release|ARM64 = Release|ARM64
		Release|x64 = Release|x64
	EndGlobalSection
	GlobalSection(ProjectConfigurationPlatforms) = postSolution
		{E83BF3B9-E9D9-4D61-880E-3DAC74774DE0}.Debug|ARM64.ActiveCfg = Debug|ARM64
		{E83BF3B9-E9D9-4D61-880E-3DAC74774DE0}.Debug|ARM64.Build.0 = Debug|ARM64
		{E83BF3B9-E9D9-4D61-880E-3DAC74774DE0}.Debug|ARM64.Deploy.0 = Debug|ARM64
		{E83BF3B9-E9D9-4D61-880E-3DAC74774DE0}.Debug|x64.ActiveCfg = Debug|x64
		{E83BF3B9-E9D9-4D61-880E-3DAC74774DE0}.Debug|x64.Build.0 = Debug|x64
		{E83BF3B9-E9D9-4D61-880E-3DAC74774DE0}.Debug|x64.Deploy.0 = Debug|x64
		{E83BF3B9-E9D9-4D61-880E-3DAC74774DE0}.Release|ARM64.ActiveCfg = Release|ARM64
		{E83BF3B9-E9D9-4D61-880E-3DAC74774DE0}.Release|ARM64.Build.0 = Release|ARM64
		{E83BF3B9-E9D9-4D61-880E-3DAC74774DE0}.Release|ARM64.Deploy.0 = Release|ARM64
		{E83BF3B9-E9D9-4D61-880E-3DAC74774DE0}.Release|x64.ActiveCfg = Release|x64
		{E83BF3B9-E9D9-4D61-880E-3DAC74774DE0}.Release|x64.Build.0 = Release|x64
		{E83BF3B9-E9D9-4D61-880E-3DAC74774DE0}.Release|x64.Deploy.0 = Release|x64
	EndGlobalSection
	GlobalSection(SolutionProperties) = preSolution
		HideSolutionNode = FALSE
	EndGlobalSection
	GlobalSection(ExtensibilityGlobals) = postSolution
		SolutionGuid = {AFCF281D-D759-4BE4-8288-A96CEFDB95F6}
	EndGlobalSection
EndGlobal
